{
	"requires": true,
	"lockfileVersion": 1,
	"dependencies": {
		"pegjs": {
			"version": "0.10.0",
			"resolved": "https://registry.npmjs.org/pegjs/-/pegjs-0.10.0.tgz",
			"integrity": "sha1-z4uvrm7d/0tafvsYUmnqr0YQ3b0="
		},
		"typescript": {
			"version": "2.5.2",
			"resolved": "https://registry.npmjs.org/typescript/-/typescript-2.5.2.tgz",
			"integrity": "sha1-A4qV99m7tCCxvzW6MdTFwd0//jQ="
		}
	}
}
