{
  "name": "astrocite-eutils",
  "version": "0.15.0",
  "lockfileVersion": 1,
  "requires": true,
  "dependencies": {
    "@types/he": {
      "version": "1.1.0",
      "resolved": "https://registry.npmjs.org/@types/he/-/he-1.1.0.tgz",
      "integrity": "sha512-HyiLOiJhclRBPzcbYrNThdi0JOdq7bT4hq9jFBPQk4HGjzkwYVQnMj9IDi7qvYkg9QTly2oZ9kjm4j7d8Ic9eA==",
      "dev": true
    },
    "csl-json": {
      "version": "0.1.0",
      "resolved": "https://registry.npmjs.org/csl-json/-/csl-json-0.1.0.tgz",
      "integrity": "sha512-KMvcQ07H0kMpzl2aO1mgyp+F+LVk+z+QMpN01noMUv0Uu4mqg4KyJjeM2u2716qU9ZgPq1Kr30DXqhT4RuEg1w=="
    },
    "he": {
      "version": "1.2.0",
      "resolved": "https://registry.npmjs.org/he/-/he-1.2.0.tgz",
      "integrity": "sha512-F/1DnUGPopORZi0ni+CvrCgHQ5FyEAHRLSApuYWMmrbSwoN2Mn/7k+Gl38gJnR7yyDZk6WLXwiGod1JOWNDKGw=="
    }
  }
}
